
Microsoft Visual Studio Solution File, Format Version 12.00
# Visual Studio Version 17
VisualStudioVersion = 17.1.32210.238
MinimumVisualStudioVersion = 10.0.40219.1
Project("{FAE04EC0-301F-11D3-BF4B-00C04F79EFBC}") = "Task-3", "Task-3\Task-3.csproj", "{0B2F5452-873D-472B-984E-80B6670AE49B}"
EndProject
Global
	GlobalSection(SolutionConfigurationPlatforms) = preSolution
		Debug|Any CPU = Debug|Any CPU
		Release|Any CPU = Release|Any CPU
	EndGlobalSection
	GlobalSection(ProjectConfigurationPlatforms) = postSolution
		{0B2F5452-873D-472B-984E-80B6670AE49B}.Debug|Any CPU.ActiveCfg = Debug|Any CPU
		{0B2F5452-873D-472B-984E-80B6670AE49B}.Debug|Any CPU.Build.0 = Debug|Any CPU
		{0B2F5452-873D-472B-984E-80B6670AE49B}.Release|Any CPU.ActiveCfg = Release|Any CPU
		{0B2F5452-873D-472B-984E-80B6670AE49B}.Release|Any CPU.Build.0 = Release|Any CPU
	EndGlobalSection
	GlobalSection(SolutionProperties) = preSolution
		HideSolutionNode = FALSE
	EndGlobalSection
	GlobalSection(ExtensibilityGlobals) = postSolution
		SolutionGuid = {7F371D69-CAB4-40D1-B781-0A1EE2406EFF}
	EndGlobalSection
EndGlobal
