
Microsoft Visual Studio Solution File, Format Version 12.00
# Visual Studio Version 17
VisualStudioVersion = 17.1.32210.238
MinimumVisualStudioVersion = 10.0.40219.1
Project("{FAE04EC0-301F-11D3-BF4B-00C04F79EFBC}") = "Task-5", "Task-5\Task-5.csproj", "{A2A7569E-937C-4FDA-B73A-8FF3115EE4C6}"
EndProject
Global
	GlobalSection(SolutionConfigurationPlatforms) = preSolution
		Debug|Any CPU = Debug|Any CPU
		Release|Any CPU = Release|Any CPU
	EndGlobalSection
	GlobalSection(ProjectConfigurationPlatforms) = postSolution
		{A2A7569E-937C-4FDA-B73A-8FF3115EE4C6}.Debug|Any CPU.ActiveCfg = Debug|Any CPU
		{A2A7569E-937C-4FDA-B73A-8FF3115EE4C6}.Debug|Any CPU.Build.0 = Debug|Any CPU
		{A2A7569E-937C-4FDA-B73A-8FF3115EE4C6}.Release|Any CPU.ActiveCfg = Release|Any CPU
		{A2A7569E-937C-4FDA-B73A-8FF3115EE4C6}.Release|Any CPU.Build.0 = Release|Any CPU
	EndGlobalSection
	GlobalSection(SolutionProperties) = preSolution
		HideSolutionNode = FALSE
	EndGlobalSection
	GlobalSection(ExtensibilityGlobals) = postSolution
		SolutionGuid = {4B1A9A87-1276-4A2C-B5F1-B8AC7861085C}
	EndGlobalSection
EndGlobal
