
Microsoft Visual Studio Solution File, Format Version 12.00
# Visual Studio Version 17
VisualStudioVersion = 17.1.32210.238
MinimumVisualStudioVersion = 10.0.40219.1
Project("{FAE04EC0-301F-11D3-BF4B-00C04F79EFBC}") = "Homework TASK-2", "Homework TASK-2\Homework TASK-2.csproj", "{939BD35A-318F-4428-BFAF-2C64D0B42C97}"
EndProject
Global
	GlobalSection(SolutionConfigurationPlatforms) = preSolution
		Debug|Any CPU = Debug|Any CPU
		Release|Any CPU = Release|Any CPU
	EndGlobalSection
	GlobalSection(ProjectConfigurationPlatforms) = postSolution
		{939BD35A-318F-4428-BFAF-2C64D0B42C97}.Debug|Any CPU.ActiveCfg = Debug|Any CPU
		{939BD35A-318F-4428-BFAF-2C64D0B42C97}.Debug|Any CPU.Build.0 = Debug|Any CPU
		{939BD35A-318F-4428-BFAF-2C64D0B42C97}.Release|Any CPU.ActiveCfg = Release|Any CPU
		{939BD35A-318F-4428-BFAF-2C64D0B42C97}.Release|Any CPU.Build.0 = Release|Any CPU
	EndGlobalSection
	GlobalSection(SolutionProperties) = preSolution
		HideSolutionNode = FALSE
	EndGlobalSection
	GlobalSection(ExtensibilityGlobals) = postSolution
		SolutionGuid = {2930807B-A531-4401-B2AC-F1B83188C894}
	EndGlobalSection
EndGlobal
